
Microsoft Visual Studio Solution File, Format Version 12.00
# Visual Studio Version 16
VisualStudioVersion = 16.0.31624.102
MinimumVisualStudioVersion = 10.0.40219.1
Project("{FAE04EC0-301F-11D3-BF4B-00C04F79EFBC}") = "LABA1_OOP", "laba1_oop\LABA1_OOP.csproj", "{B371CB1E-0EC5-482C-9A62-F2C4E13757B3}"
EndProject
Global
	GlobalSection(SolutionConfigurationPlatforms) = preSolution
		Debug|Any CPU = Debug|Any CPU
		Release|Any CPU = Release|Any CPU
	EndGlobalSection
	GlobalSection(ProjectConfigurationPlatforms) = postSolution
		{B371CB1E-0EC5-482C-9A62-F2C4E13757B3}.Debug|Any CPU.ActiveCfg = Debug|Any CPU
		{B371CB1E-0EC5-482C-9A62-F2C4E13757B3}.Debug|Any CPU.Build.0 = Debug|Any CPU
		{B371CB1E-0EC5-482C-9A62-F2C4E13757B3}.Release|Any CPU.ActiveCfg = Release|Any CPU
		{B371CB1E-0EC5-482C-9A62-F2C4E13757B3}.Release|Any CPU.Build.0 = Release|Any CPU
	EndGlobalSection
	GlobalSection(SolutionProperties) = preSolution
		HideSolutionNode = FALSE
	EndGlobalSection
	GlobalSection(ExtensibilityGlobals) = postSolution
		SolutionGuid = {7C0B412D-0B69-4B6C-9B2F-4D70373417EB}
	EndGlobalSection
EndGlobal
